dependencies:
- name: zookeeper
  repository: https://charts.bitnami.com/bitnami
  version: 11.4.10
- name: mantis-controlplane
  repository: file://../mantis-controlplane
  version: 0.1.1
- name: mantis-agent
  repository: file://../mantis-agent
  version: 0.1.1
- name: mantis-api
  repository: file://../mantis-api
  version: 0.1.1
digest: sha256:70e3b411b8f6552d4ac961ea6872b44a11b211a471928437522ce4bda3f7798c
generated: "2023-08-01T12:29:52.593549-07:00"
