dependencies:
- name: zookeeper
  repository: https://charts.bitnami.com/bitnami
  version: 11.4.10
- name: mantis-controlplane
  repository: file://../mantis-controlplane
  version: 0.1.1
- name: mantis-agent
  repository: file://../mantis-agent
  version: 0.1.1
digest: sha256:e86fe90f5f158bec67e4f2257a6afcffeb862e97110ef94c75207772302191c8
generated: "2023-07-27T12:32:42.825334-07:00"
