dependencies:
- name: zookeeper
  repository: https://charts.bitnami.com/bitnami
  version: 11.0.3
- name: mantis-controlplane
  repository: file://../mantis-controlplane
  version: 0.1.1
digest: sha256:55f6464b0398d380cbca2de085fe53076f0bd6009fd5fe58eed3ea216d683bc8
generated: "2023-01-08T20:41:52.305733-08:00"
